// !$*UTF8*$!
{
	archiveVersion = 1;
	classes = {
	};
	objectVersion = 50;
	objects = {

/* Begin PBXBuildFile section */
		2E1A6542229EC6D600CD3F3F /* AppDelegate.swift in Sources */ = {isa = PBXBuildFile; fileRef = 2E1A6541229EC6D600CD3F3F /* AppDelegate.swift */; };
		2E1A6544229EC6D600CD3F3F /* LoginViewController.swift in Sources */ = {isa = PBXBuildFile; fileRef = 2E1A6543229EC6D600CD3F3F /* LoginViewController.swift */; };
		2E1A6547229EC6D600CD3F3F /* Main.storyboard in Resources */ = {isa = PBXBuildFile; fileRef = 2E1A6545229EC6D600CD3F3F /* Main.storyboard */; };
		2E1A6549229EC6D700CD3F3F /* Assets.xcassets in Resources */ = {isa = PBXBuildFile; fileRef = 2E1A6548229EC6D700CD3F3F /* Assets.xcassets */; };
		2E1A654C229EC6D700CD3F3F /* LaunchScreen.storyboard in Resources */ = {isa = PBXBuildFile; fileRef = 2E1A654A229EC6D700CD3F3F /* LaunchScreen.storyboard */; };
		2E1A6564229ED42E00CD3F3F /* Default-568h@2x.png in Resources */ = {isa = PBXBuildFile; fileRef = 2E1A6563229ED42E00CD3F3F /* Default-568h@2x.png */; };
		2E445C37229EDAF80029F246 /* theMap.swift in Sources */ = {isa = PBXBuildFile; fileRef = 2E445C36229EDAF80029F246 /* theMap.swift */; };
		2E84EE9722AAD40D00AF5F68 /* TableViewController.swift in Sources */ = {isa = PBXBuildFile; fileRef = 2E84EE9622AAD40D00AF5F68 /* TableViewController.swift */; };
		2E84EE9922AADB4D00AF5F68 /* AddNew.swift in Sources */ = {isa = PBXBuildFile; fileRef = 2E84EE9822AADB4D00AF5F68 /* AddNew.swift */; };
		2E84EEB922B30D4000AF5F68 /* UdacityAPI.swift in Sources */ = {isa = PBXBuildFile; fileRef = 2E84EEB822B30D3F00AF5F68 /* UdacityAPI.swift */; };
		2E84EEC222B3288400AF5F68 /* StudentLocation.swift in Sources */ = {isa = PBXBuildFile; fileRef = 2E84EEC122B3288400AF5F68 /* StudentLocation.swift */; };
		2E88D89322C06987004E9F47 /* DetailViewController.swift in Sources */ = {isa = PBXBuildFile; fileRef = 2E88D89222C06987004E9F47 /* DetailViewController.swift */; };
		DC8A84C522CC01370092778D /* TabBarController.swift in Sources */ = {isa = PBXBuildFile; fileRef = DC8A84C422CC01360092778D /* TabBarController.swift */; };
/* End PBXBuildFile section */

/* Begin PBXContainerItemProxy section */
		2E1A6553229EC6D700CD3F3F /* PBXContainerItemProxy */ = {
			isa = PBXContainerItemProxy;
			containerPortal = 2E1A6536229EC6D600CD3F3F /* Project object */;
			proxyType = 1;
			remoteGlobalIDString = 2E1A653D229EC6D600CD3F3F;
			remoteInfo = OnTheMap;
		};
/* End PBXContainerItemProxy section */

/* Begin PBXFileReference section */
		2E1A653E229EC6D600CD3F3F /* OnTheMap.app */ = {isa = PBXFileReference; explicitFileType = wrapper.application; includeInIndex = 0; path = OnTheMap.app; sourceTree = BUILT_PRODUCTS_DIR; };
		2E1A6541229EC6D600CD3F3F /* AppDelegate.swift */ = {isa = PBXFileReference; lastKnownFileType = sourcecode.swift; path = AppDelegate.swift; sourceTree = "<group>"; };
		2E1A6543229EC6D600CD3F3F /* LoginViewController.swift */ = {isa = PBXFileReference; lastKnownFileType = sourcecode.swift; path = LoginViewController.swift; sourceTree = "<group>"; };
		2E1A6546229EC6D600CD3F3F /* Base */ = {isa = PBXFileReference; lastKnownFileType = file.storyboard; name = Base; path = Base.lproj/Main.storyboard; sourceTree = "<group>"; };
		2E1A6548229EC6D700CD3F3F /* Assets.xcassets */ = {isa = PBXFileReference; lastKnownFileType = folder.assetcatalog; path = Assets.xcassets; sourceTree = "<group>"; };
		2E1A654B229EC6D700CD3F3F /* Base */ = {isa = PBXFileReference; lastKnownFileType = file.storyboard; name = Base; path = Base.lproj/LaunchScreen.storyboard; sourceTree = "<group>"; };
		2E1A654D229EC6D700CD3F3F /* Info.plist */ = {isa = PBXFileReference; lastKnownFileType = text.plist.xml; path = Info.plist; sourceTree = "<group>"; };
		2E1A6552229EC6D700CD3F3F /* OnTheMapTests.xctest */ = {isa = PBXFileReference; explicitFileType = wrapper.cfbundle; includeInIndex = 0; path = OnTheMapTests.xctest; sourceTree = BUILT_PRODUCTS_DIR; };
		2E1A6563229ED42E00CD3F3F /* Default-568h@2x.png */ = {isa = PBXFileReference; lastKnownFileType = image.png; path = "Default-568h@2x.png"; sourceTree = "<group>"; };
		2E445C36229EDAF80029F246 /* theMap.swift */ = {isa = PBXFileReference; lastKnownFileType = sourcecode.swift; path = theMap.swift; sourceTree = "<group>"; };
		2E84EE9622AAD40D00AF5F68 /* TableViewController.swift */ = {isa = PBXFileReference; lastKnownFileType = sourcecode.swift; path = TableViewController.swift; sourceTree = "<group>"; };
		2E84EE9822AADB4D00AF5F68 /* AddNew.swift */ = {isa = PBXFileReference; lastKnownFileType = sourcecode.swift; path = AddNew.swift; sourceTree = "<group>"; };
		2E84EEB822B30D3F00AF5F68 /* UdacityAPI.swift */ = {isa = PBXFileReference; lastKnownFileType = sourcecode.swift; path = UdacityAPI.swift; sourceTree = "<group>"; };
		2E84EEC122B3288400AF5F68 /* StudentLocation.swift */ = {isa = PBXFileReference; lastKnownFileType = sourcecode.swift; path = StudentLocation.swift; sourceTree = "<group>"; };
		2E88D89222C06987004E9F47 /* DetailViewController.swift */ = {isa = PBXFileReference; lastKnownFileType = sourcecode.swift; path = DetailViewController.swift; sourceTree = "<group>"; };
		DC8A84C422CC01360092778D /* TabBarController.swift */ = {isa = PBXFileReference; lastKnownFileType = sourcecode.swift; path = TabBarController.swift; sourceTree = "<group>"; };
/* End PBXFileReference section */

/* Begin PBXFrameworksBuildPhase section */
		2E1A653B229EC6D600CD3F3F /* Frameworks */ = {
			isa = PBXFrameworksBuildPhase;
			buildActionMask = 2147483647;
			files = (
			);
			runOnlyForDeploymentPostprocessing = 0;
		};
		2E1A654F229EC6D700CD3F3F /* Frameworks */ = {
			isa = PBXFrameworksBuildPhase;
			buildActionMask = 2147483647;
			files = (
			);
			runOnlyForDeploymentPostprocessing = 0;
		};
/* End PBXFrameworksBuildPhase section */

/* Begin PBXGroup section */
		2E1A6535229EC6D600CD3F3F = {
			isa = PBXGroup;
			children = (
				2E1A6563229ED42E00CD3F3F /* Default-568h@2x.png */,
				2E1A6540229EC6D600CD3F3F /* OnTheMap */,
				2E1A653F229EC6D600CD3F3F /* Products */,
			);
			sourceTree = "<group>";
		};
		2E1A653F229EC6D600CD3F3F /* Products */ = {
			isa = PBXGroup;
			children = (
				2E1A653E229EC6D600CD3F3F /* OnTheMap.app */,
				2E1A6552229EC6D700CD3F3F /* OnTheMapTests.xctest */,
			);
			name = Products;
			sourceTree = "<group>";
		};
		2E1A6540229EC6D600CD3F3F /* OnTheMap */ = {
			isa = PBXGroup;
			children = (
				2E1A6541229EC6D600CD3F3F /* AppDelegate.swift */,
				2E84EEB822B30D3F00AF5F68 /* UdacityAPI.swift */,
				2E84EEC122B3288400AF5F68 /* StudentLocation.swift */,
				2E1A6561229EC70200CD3F3F /* Controller */,
				2E1A6562229EC72C00CD3F3F /* View */,
			);
			path = OnTheMap;
			sourceTree = "<group>";
		};
		2E1A6561229EC70200CD3F3F /* Controller */ = {
			isa = PBXGroup;
			children = (
				2E1A6543229EC6D600CD3F3F /* LoginViewController.swift */,
				2E445C36229EDAF80029F246 /* theMap.swift */,
				2E84EE9622AAD40D00AF5F68 /* TableViewController.swift */,
				2E84EE9822AADB4D00AF5F68 /* AddNew.swift */,
				2E88D89222C06987004E9F47 /* DetailViewController.swift */,
				DC8A84C422CC01360092778D /* TabBarController.swift */,
			);
			path = Controller;
			sourceTree = "<group>";
		};
		2E1A6562229EC72C00CD3F3F /* View */ = {
			isa = PBXGroup;
			children = (
				2E1A6545229EC6D600CD3F3F /* Main.storyboard */,
				2E1A6548229EC6D700CD3F3F /* Assets.xcassets */,
				2E1A654A229EC6D700CD3F3F /* LaunchScreen.storyboard */,
				2E1A654D229EC6D700CD3F3F /* Info.plist */,
			);
			path = View;
			sourceTree = "<group>";
		};
/* End PBXGroup section */

/* Begin PBXNativeTarget section */
		2E1A653D229EC6D600CD3F3F /* OnTheMap */ = {
			isa = PBXNativeTarget;
			buildConfigurationList = 2E1A655B229EC6D700CD3F3F /* Build configuration list for PBXNativeTarget "OnTheMap" */;
			buildPhases = (
				2E1A653A229EC6D600CD3F3F /* Sources */,
				2E1A653B229EC6D600CD3F3F /* Frameworks */,
				2E1A653C229EC6D600CD3F3F /* Resources */,
			);
			buildRules = (
			);
			dependencies = (
			);
			name = OnTheMap;
			productName = OnTheMap;
			productReference = 2E1A653E229EC6D600CD3F3F /* OnTheMap.app */;
			productType = "com.apple.product-type.application";
		};
		2E1A6551229EC6D700CD3F3F /* OnTheMapTests */ = {
			isa = PBXNativeTarget;
			buildConfigurationList = 2E1A655E229EC6D700CD3F3F /* Build configuration list for PBXNativeTarget "OnTheMapTests" */;
			buildPhases = (
				2E1A654E229EC6D700CD3F3F /* Sources */,
				2E1A654F229EC6D700CD3F3F /* Frameworks */,
				2E1A6550229EC6D700CD3F3F /* Resources */,
			);
			buildRules = (
			);
			dependencies = (
				2E1A6554229EC6D700CD3F3F /* PBXTargetDependency */,
			);
			name = OnTheMapTests;
			productName = OnTheMapTests;
			productReference = 2E1A6552229EC6D700CD3F3F /* OnTheMapTests.xctest */;
			productType = "com.apple.product-type.bundle.unit-test";
		};
/* End PBXNativeTarget section */

/* Begin PBXProject section */
		2E1A6536229EC6D600CD3F3F /* Project object */ = {
			isa = PBXProject;
			attributes = {
				LastSwiftUpdateCheck = 1020;
				LastUpgradeCheck = 1020;
				ORGANIZATIONNAME = HayaMousa;
				TargetAttributes = {
					2E1A653D229EC6D600CD3F3F = {
						CreatedOnToolsVersion = 10.2;
					};
					2E1A6551229EC6D700CD3F3F = {
						CreatedOnToolsVersion = 10.2;
						TestTargetID = 2E1A653D229EC6D600CD3F3F;
					};
				};
			};
			buildConfigurationList = 2E1A6539229EC6D600CD3F3F /* Build configuration list for PBXProject "OnTheMap" */;
			compatibilityVersion = "Xcode 9.3";
			developmentRegion = en;
			hasScannedForEncodings = 0;
			knownRegions = (
				en,
				Base,
			);
			mainGroup = 2E1A6535229EC6D600CD3F3F;
			productRefGroup = 2E1A653F229EC6D600CD3F3F /* Products */;
			projectDirPath = "";
			projectRoot = "";
			targets = (
				2E1A653D229EC6D600CD3F3F /* OnTheMap */,
				2E1A6551229EC6D700CD3F3F /* OnTheMapTests */,
			);
		};
/* End PBXProject section */

/* Begin PBXResourcesBuildPhase section */
		2E1A653C229EC6D600CD3F3F /* Resources */ = {
			isa = PBXResourcesBuildPhase;
			buildActionMask = 2147483647;
			files = (
				2E1A654C229EC6D700CD3F3F /* LaunchScreen.storyboard in Resources */,
				2E1A6564229ED42E00CD3F3F /* Default-568h@2x.png in Resources */,
				2E1A6549229EC6D700CD3F3F /* Assets.xcassets in Resources */,
				2E1A6547229EC6D600CD3F3F /* Main.storyboard in Resources */,
			);
			runOnlyForDeploymentPostprocessing = 0;
		};
		2E1A6550229EC6D700CD3F3F /* Resources */ = {
			isa = PBXResourcesBuildPhase;
			buildActionMask = 2147483647;
			files = (
			);
			runOnlyForDeploymentPostprocessing = 0;
		};
/* End PBXResourcesBuildPhase section */

/* Begin PBXSourcesBuildPhase section */
		2E1A653A229EC6D600CD3F3F /* Sources */ = {
			isa = PBXSourcesBuildPhase;
			buildActionMask = 2147483647;
			files = (
				2E88D89322C06987004E9F47 /* DetailViewController.swift in Sources */,
				2E84EEC222B3288400AF5F68 /* StudentLocation.swift in Sources */,
				2E445C37229EDAF80029F246 /* theMap.swift in Sources */,
				DC8A84C522CC01370092778D /* TabBarController.swift in Sources */,
				2E84EE9922AADB4D00AF5F68 /* AddNew.swift in Sources */,
				2E84EEB922B30D4000AF5F68 /* UdacityAPI.swift in Sources */,
				2E1A6544229EC6D600CD3F3F /* LoginViewController.swift in Sources */,
				2E1A6542229EC6D600CD3F3F /* AppDelegate.swift in Sources */,
				2E84EE9722AAD40D00AF5F68 /* TableViewController.swift in Sources */,
			);
			runOnlyForDeploymentPostprocessing = 0;
		};
		2E1A654E229EC6D700CD3F3F /* Sources */ = {
			isa = PBXSourcesBuildPhase;
			buildActionMask = 2147483647;
			files = (
			);
			runOnlyForDeploymentPostprocessing = 0;
		};
/* End PBXSourcesBuildPhase section */

/* Begin PBXTargetDependency section */
		2E1A6554229EC6D700CD3F3F /* PBXTargetDependency */ = {
			isa = PBXTargetDependency;
			target = 2E1A653D229EC6D600CD3F3F /* OnTheMap */;
			targetProxy = 2E1A6553229EC6D700CD3F3F /* PBXContainerItemProxy */;
		};
/* End PBXTargetDependency section */

/* Begin PBXVariantGroup section */
		2E1A6545229EC6D600CD3F3F /* Main.storyboard */ = {
			isa = PBXVariantGroup;
			children = (
				2E1A6546229EC6D600CD3F3F /* Base */,
			);
			name = Main.storyboard;
			sourceTree = "<group>";
		};
		2E1A654A229EC6D700CD3F3F /* LaunchScreen.storyboard */ = {
			isa = PBXVariantGroup;
			children = (
				2E1A654B229EC6D700CD3F3F /* Base */,
			);
			name = LaunchScreen.storyboard;
			sourceTree = "<group>";
		};
/* End PBXVariantGroup section */

/* Begin XCBuildConfiguration section */
		2E1A6559229EC6D700CD3F3F /* Debug */ = {
			isa = XCBuildConfiguration;
			buildSettings = {
				ALWAYS_SEARCH_USER_PATHS = NO;
				CLANG_ANALYZER_NONNULL = YES;
				CLANG_ANALYZER_NUMBER_OBJECT_CONVERSION = YES_AGGRESSIVE;
				CLANG_CXX_LANGUAGE_STANDARD = "gnu++14";
				CLANG_CXX_LIBRARY = "libc++";
				CLANG_ENABLE_MODULES = YES;
				CLANG_ENABLE_OBJC_ARC = YES;
				CLANG_ENABLE_OBJC_WEAK = YES;
				CLANG_WARN_BLOCK_CAPTURE_AUTORELEASING = YES;
				CLANG_WARN_BOOL_CONVERSION = YES;
				CLANG_WARN_COMMA = YES;
				CLANG_WARN_CONSTANT_CONVERSION = YES;
				CLANG_WARN_DEPRECATED_OBJC_IMPLEMENTATIONS = YES;
				CLANG_WARN_DIRECT_OBJC_ISA_USAGE = YES_ERROR;
				CLANG_WARN_DOCUMENTATION_COMMENTS = YES;
				CLANG_WARN_EMPTY_BODY = YES;
				CLANG_WARN_ENUM_CONVERSION = YES;
				CLANG_WARN_INFINITE_RECURSION = YES;
				CLANG_WARN_INT_CONVERSION = YES;
				CLANG_WARN_NON_LITERAL_NULL_CONVERSION = YES;
				CLANG_WARN_OBJC_IMPLICIT_RETAIN_SELF = YES;
				CLANG_WARN_OBJC_LITERAL_CONVERSION = YES;
				CLANG_WARN_OBJC_ROOT_CLASS = YES_ERROR;
				CLANG_WARN_RANGE_LOOP_ANALYSIS = YES;
				CLANG_WARN_STRICT_PROTOTYPES = YES;
				CLANG_WARN_SUSPICIOUS_MOVE = YES;
				CLANG_WARN_UNGUARDED_AVAILABILITY = YES_AGGRESSIVE;
				CLANG_WARN_UNREACHABLE_CODE = YES;
				CLANG_WARN__DUPLICATE_METHOD_MATCH = YES;
				CODE_SIGN_IDENTITY = "iPhone Developer";
				COPY_PHASE_STRIP = NO;
				DEBUG_INFORMATION_FORMAT = dwarf;
				ENABLE_STRICT_OBJC_MSGSEND = YES;
				ENABLE_TESTABILITY = YES;
				GCC_C_LANGUAGE_STANDARD = gnu11;
				GCC_DYNAMIC_NO_PIC = NO;
				GCC_NO_COMMON_BLOCKS = YES;
				GCC_OPTIMIZATION_LEVEL = 0;
				GCC_PREPROCESSOR_DEFINITIONS = (
					"DEBUG=1",
					"$(inherited)",
				);
				GCC_WARN_64_TO_32_BIT_CONVERSION = YES;
				GCC_WARN_ABOUT_RETURN_TYPE = YES_ERROR;
				GCC_WARN_UNDECLARED_SELECTOR = YES;
				GCC_WARN_UNINITIALIZED_AUTOS = YES_AGGRESSIVE;
				GCC_WARN_UNUSED_FUNCTION = YES;
				GCC_WARN_UNUSED_VARIABLE = YES;
				IPHONEOS_DEPLOYMENT_TARGET = 12.2;
				MTL_ENABLE_DEBUG_INFO = INCLUDE_SOURCE;
				MTL_FAST_MATH = YES;
				ONLY_ACTIVE_ARCH = YES;
				SDKROOT = iphoneos;
				SWIFT_ACTIVE_COMPILATION_CONDITIONS = DEBUG;
				SWIFT_OPTIMIZATION_LEVEL = "-Onone";
			};
			name = Debug;
		};
		2E1A655A229EC6D700CD3F3F /* Release */ = {
			isa = XCBuildConfiguration;
			buildSettings = {
				ALWAYS_SEARCH_USER_PATHS = NO;
				CLANG_ANALYZER_NONNULL = YES;
				CLANG_ANALYZER_NUMBER_OBJECT_CONVERSION = YES_AGGRESSIVE;
				CLANG_CXX_LANGUAGE_STANDARD = "gnu++14";
				CLANG_CXX_LIBRARY = "libc++";
				CLANG_ENABLE_MODULES = YES;
				CLANG_ENABLE_OBJC_ARC = YES;
				CLANG_ENABLE_OBJC_WEAK = YES;
				CLANG_WARN_BLOCK_CAPTURE_AUTORELEASING = YES;
				CLANG_WARN_BOOL_CONVERSION = YES;
				CLANG_WARN_COMMA = YES;
				CLANG_WARN_CONSTANT_CONVERSION = YES;
				CLANG_WARN_DEPRECATED_OBJC_IMPLEMENTATIONS = YES;
				CLANG_WARN_DIRECT_OBJC_ISA_USAGE = YES_ERROR;
				CLANG_WARN_DOCUMENTATION_COMMENTS = YES;
				CLANG_WARN_EMPTY_BODY = YES;
				CLANG_WARN_ENUM_CONVERSION = YES;
				CLANG_WARN_INFINITE_RECURSION = YES;
				CLANG_WARN_INT_CONVERSION = YES;
				CLANG_WARN_NON_LITERAL_NULL_CONVERSION = YES;
				CLANG_WARN_OBJC_IMPLICIT_RETAIN_SELF = YES;
				CLANG_WARN_OBJC_LITERAL_CONVERSION = YES;
				CLANG_WARN_OBJC_ROOT_CLASS = YES_ERROR;
				CLANG_WARN_RANGE_LOOP_ANALYSIS = YES;
				CLANG_WARN_STRICT_PROTOTYPES = YES;
				CLANG_WARN_SUSPICIOUS_MOVE = YES;
				CLANG_WARN_UNGUARDED_AVAILABILITY = YES_AGGRESSIVE;
				CLANG_WARN_UNREACHABLE_CODE = YES;
				CLANG_WARN__DUPLICATE_METHOD_MATCH = YES;
				CODE_SIGN_IDENTITY = "iPhone Developer";
				COPY_PHASE_STRIP = NO;
				DEBUG_INFORMATION_FORMAT = "dwarf-with-dsym";
				ENABLE_NS_ASSERTIONS = NO;
				ENABLE_STRICT_OBJC_MSGSEND = YES;
				GCC_C_LANGUAGE_STANDARD = gnu11;
				GCC_NO_COMMON_BLOCKS = YES;
				GCC_WARN_64_TO_32_BIT_CONVERSION = YES;
				GCC_WARN_ABOUT_RETURN_TYPE = YES_ERROR;
				GCC_WARN_UNDECLARED_SELECTOR = YES;
				GCC_WARN_UNINITIALIZED_AUTOS = YES_AGGRESSIVE;
				GCC_WARN_UNUSED_FUNCTION = YES;
				GCC_WARN_UNUSED_VARIABLE = YES;
				IPHONEOS_DEPLOYMENT_TARGET = 12.2;
				MTL_ENABLE_DEBUG_INFO = NO;
				MTL_FAST_MATH = YES;
				SDKROOT = iphoneos;
				SWIFT_COMPILATION_MODE = wholemodule;
				SWIFT_OPTIMIZATION_LEVEL = "-O";
				VALIDATE_PRODUCT = YES;
			};
			name = Release;
		};
		2E1A655C229EC6D700CD3F3F /* Debug */ = {
			isa = XCBuildConfiguration;
			buildSettings = {
				ASSETCATALOG_COMPILER_APPICON_NAME = AppIcon;
				CODE_SIGN_STYLE = Automatic;
				DEVELOPMENT_TEAM = 7PC227K9LV;
				INFOPLIST_FILE = "$(SRCROOT)/OnTheMap/View/Info.plist";
				LD_RUNPATH_SEARCH_PATHS = (
					"$(inherited)",
					"@executable_path/Frameworks",
				);
				PRODUCT_BUNDLE_IDENTIFIER = com.hayamousa.OnTheMap;
				PRODUCT_NAME = "$(TARGET_NAME)";
				SWIFT_VERSION = 5.0;
				TARGETED_DEVICE_FAMILY = "1,2";
			};
			name = Debug;
		};
		2E1A655D229EC6D700CD3F3F /* Release */ = {
			isa = XCBuildConfiguration;
			buildSettings = {
				ASSETCATALOG_COMPILER_APPICON_NAME = AppIcon;
				CODE_SIGN_STYLE = Automatic;
				DEVELOPMENT_TEAM = 7PC227K9LV;
				INFOPLIST_FILE = "$(SRCROOT)/OnTheMap/View/Info.plist";
				LD_RUNPATH_SEARCH_PATHS = (
					"$(inherited)",
					"@executable_path/Frameworks",
				);
				PRODUCT_BUNDLE_IDENTIFIER = com.hayamousa.OnTheMap;
				PRODUCT_NAME = "$(TARGET_NAME)";
				SWIFT_VERSION = 5.0;
				TARGETED_DEVICE_FAMILY = "1,2";
			};
			name = Release;
		};
		2E1A655F229EC6D700CD3F3F /* Debug */ = {
			isa = XCBuildConfiguration;
			buildSettings = {
				ALWAYS_EMBED_SWIFT_STANDARD_LIBRARIES = YES;
				BUNDLE_LOADER = "$(TEST_HOST)";
				CODE_SIGN_STYLE = Automatic;
				INFOPLIST_FILE = OnTheMapTests/Info.plist;
				LD_RUNPATH_SEARCH_PATHS = (
					"$(inherited)",
					"@executable_path/Frameworks",
					"@loader_path/Frameworks",
				);
				PRODUCT_BUNDLE_IDENTIFIER = com.hayamousa.OnTheMapTests;
				PRODUCT_NAME = "$(TARGET_NAME)";
				SWIFT_VERSION = 5.0;
				TARGETED_DEVICE_FAMILY = "1,2";
				TEST_HOST = "$(BUILT_PRODUCTS_DIR)/OnTheMap.app/OnTheMap";
			};
			name = Debug;
		};
		2E1A6560229EC6D700CD3F3F /* Release */ = {
			isa = XCBuildConfiguration;
			buildSettings = {
				ALWAYS_EMBED_SWIFT_STANDARD_LIBRARIES = YES;
				BUNDLE_LOADER = "$(TEST_HOST)";
				CODE_SIGN_STYLE = Automatic;
				INFOPLIST_FILE = OnTheMapTests/Info.plist;
				LD_RUNPATH_SEARCH_PATHS = (
					"$(inherited)",
					"@executable_path/Frameworks",
					"@loader_path/Frameworks",
				);
				PRODUCT_BUNDLE_IDENTIFIER = com.hayamousa.OnTheMapTests;
				PRODUCT_NAME = "$(TARGET_NAME)";
				SWIFT_VERSION = 5.0;
				TARGETED_DEVICE_FAMILY = "1,2";
				TEST_HOST = "$(BUILT_PRODUCTS_DIR)/OnTheMap.app/OnTheMap";
			};
			name = Release;
		};
/* End XCBuildConfiguration section */

/* Begin XCConfigurationList section */
		2E1A6539229EC6D600CD3F3F /* Build configuration list for PBXProject "OnTheMap" */ = {
			isa = XCConfigurationList;
			buildConfigurations = (
				2E1A6559229EC6D700CD3F3F /* Debug */,
				2E1A655A229EC6D700CD3F3F /* Release */,
			);
			defaultConfigurationIsVisible = 0;
			defaultConfigurationName = Release;
		};
		2E1A655B229EC6D700CD3F3F /* Build configuration list for PBXNativeTarget "OnTheMap" */ = {
			isa = XCConfigurationList;
			buildConfigurations = (
				2E1A655C229EC6D700CD3F3F /* Debug */,
				2E1A655D229EC6D700CD3F3F /* Release */,
			);
			defaultConfigurationIsVisible = 0;
			defaultConfigurationName = Release;
		};
		2E1A655E229EC6D700CD3F3F /* Build configuration list for PBXNativeTarget "OnTheMapTests" */ = {
			isa = XCConfigurationList;
			buildConfigurations = (
				2E1A655F229EC6D700CD3F3F /* Debug */,
				2E1A6560229EC6D700CD3F3F /* Release */,
			);
			defaultConfigurationIsVisible = 0;
			defaultConfigurationName = Release;
		};
/* End XCConfigurationList section */
	};
	rootObject = 2E1A6536229EC6D600CD3F3F /* Project object */;
}
